
Microsoft Visual Studio Solution File, Format Version 12.00
# Visual Studio Version 17
VisualStudioVersion = 17.11.35312.102
MinimumVisualStudioVersion = 10.0.40219.1
Project("{FAE04EC0-301F-11D3-BF4B-00C04F79EFBC}") = "Lojinha Jorges", "Lojinha Jorges.csproj", "{771869E0-FC05-4113-9F38-C0D3AC68A5F3}"
EndProject
Global
	GlobalSection(SolutionConfigurationPlatforms) = preSolution
		Debug|Any CPU = Debug|Any CPU
		Release|Any CPU = Release|Any CPU
	EndGlobalSection
	GlobalSection(ProjectConfigurationPlatforms) = postSolution
		{771869E0-FC05-4113-9F38-C0D3AC68A5F3}.Debug|Any CPU.ActiveCfg = Debug|Any CPU
		{771869E0-FC05-4113-9F38-C0D3AC68A5F3}.Debug|Any CPU.Build.0 = Debug|Any CPU
		{771869E0-FC05-4113-9F38-C0D3AC68A5F3}.Release|Any CPU.ActiveCfg = Release|Any CPU
		{771869E0-FC05-4113-9F38-C0D3AC68A5F3}.Release|Any CPU.Build.0 = Release|Any CPU
	EndGlobalSection
	GlobalSection(SolutionProperties) = preSolution
		HideSolutionNode = FALSE
	EndGlobalSection
	GlobalSection(ExtensibilityGlobals) = postSolution
		SolutionGuid = {6B2FF20B-C3C9-4EA3-900E-6FDBDB31460A}
	EndGlobalSection
EndGlobal
